
Microsoft Visual Studio Solution File, Format Version 12.00
# Visual Studio Version 17
VisualStudioVersion = 17.7.34003.232
MinimumVisualStudioVersion = 10.0.40219.1
Project("{FAE04EC0-301F-11D3-BF4B-00C04F79EFBC}") = "Calculadorav2.Android", "Calculadorav2\Calculadorav2.Android\Calculadorav2.Android.csproj", "{3D49E2F5-771A-408B-8456-CC5C89FEDD10}"
EndProject
Project("{FAE04EC0-301F-11D3-BF4B-00C04F79EFBC}") = "Calculadorav2.iOS", "Calculadorav2\Calculadorav2.iOS\Calculadorav2.iOS.csproj", "{200DFC10-BA6C-4CEA-9C67-B83399F7A668}"
EndProject
Project("{FAE04EC0-301F-11D3-BF4B-00C04F79EFBC}") = "Calculadorav2", "Calculadorav2\Calculadorav2\Calculadorav2.csproj", "{0A3421B5-21DC-49FC-A760-8AEDF281973B}"
EndProject
Global
	GlobalSection(SolutionConfigurationPlatforms) = preSolution
		Debug|Any CPU = Debug|Any CPU
		Debug|iPhone = Debug|iPhone
		Debug|iPhoneSimulator = Debug|iPhoneSimulator
		Release|Any CPU = Release|Any CPU
		Release|iPhone = Release|iPhone
		Release|iPhoneSimulator = Release|iPhoneSimulator
	EndGlobalSection
	GlobalSection(ProjectConfigurationPlatforms) = postSolution
		{3D49E2F5-771A-408B-8456-CC5C89FEDD10}.Debug|Any CPU.ActiveCfg = Debug|Any CPU
		{3D49E2F5-771A-408B-8456-CC5C89FEDD10}.Debug|Any CPU.Build.0 = Debug|Any CPU
		{3D49E2F5-771A-408B-8456-CC5C89FEDD10}.Debug|Any CPU.Deploy.0 = Debug|Any CPU
		{3D49E2F5-771A-408B-8456-CC5C89FEDD10}.Debug|iPhone.ActiveCfg = Debug|Any CPU
		{3D49E2F5-771A-408B-8456-CC5C89FEDD10}.Debug|iPhone.Build.0 = Debug|Any CPU
		{3D49E2F5-771A-408B-8456-CC5C89FEDD10}.Debug|iPhone.Deploy.0 = Debug|Any CPU
		{3D49E2F5-771A-408B-8456-CC5C89FEDD10}.Debug|iPhoneSimulator.ActiveCfg = Debug|Any CPU
		{3D49E2F5-771A-408B-8456-CC5C89FEDD10}.Debug|iPhoneSimulator.Build.0 = Debug|Any CPU
		{3D49E2F5-771A-408B-8456-CC5C89FEDD10}.Debug|iPhoneSimulator.Deploy.0 = Debug|Any CPU
		{3D49E2F5-771A-408B-8456-CC5C89FEDD10}.Release|Any CPU.ActiveCfg = Release|Any CPU
		{3D49E2F5-771A-408B-8456-CC5C89FEDD10}.Release|Any CPU.Build.0 = Release|Any CPU
		{3D49E2F5-771A-408B-8456-CC5C89FEDD10}.Release|Any CPU.Deploy.0 = Release|Any CPU
		{3D49E2F5-771A-408B-8456-CC5C89FEDD10}.Release|iPhone.ActiveCfg = Release|Any CPU
		{3D49E2F5-771A-408B-8456-CC5C89FEDD10}.Release|iPhone.Build.0 = Release|Any CPU
		{3D49E2F5-771A-408B-8456-CC5C89FEDD10}.Release|iPhone.Deploy.0 = Release|Any CPU
		{3D49E2F5-771A-408B-8456-CC5C89FEDD10}.Release|iPhoneSimulator.ActiveCfg = Release|Any CPU
		{3D49E2F5-771A-408B-8456-CC5C89FEDD10}.Release|iPhoneSimulator.Build.0 = Release|Any CPU
		{3D49E2F5-771A-408B-8456-CC5C89FEDD10}.Release|iPhoneSimulator.Deploy.0 = Release|Any CPU
		{200DFC10-BA6C-4CEA-9C67-B83399F7A668}.Debug|Any CPU.ActiveCfg = Debug|iPhone
		{200DFC10-BA6C-4CEA-9C67-B83399F7A668}.Debug|Any CPU.Build.0 = Debug|iPhone
		{200DFC10-BA6C-4CEA-9C67-B83399F7A668}.Debug|Any CPU.Deploy.0 = Debug|iPhone
		{200DFC10-BA6C-4CEA-9C67-B83399F7A668}.Debug|iPhone.ActiveCfg = Debug|iPhone
		{200DFC10-BA6C-4CEA-9C67-B83399F7A668}.Debug|iPhone.Build.0 = Debug|iPhone
		{200DFC10-BA6C-4CEA-9C67-B83399F7A668}.Debug|iPhone.Deploy.0 = Debug|iPhone
		{200DFC10-BA6C-4CEA-9C67-B83399F7A668}.Debug|iPhoneSimulator.ActiveCfg = Debug|iPhoneSimulator
		{200DFC10-BA6C-4CEA-9C67-B83399F7A668}.Debug|iPhoneSimulator.Build.0 = Debug|iPhoneSimulator
		{200DFC10-BA6C-4CEA-9C67-B83399F7A668}.Debug|iPhoneSimulator.Deploy.0 = Debug|iPhoneSimulator
		{200DFC10-BA6C-4CEA-9C67-B83399F7A668}.Release|Any CPU.ActiveCfg = Release|iPhoneSimulator
		{200DFC10-BA6C-4CEA-9C67-B83399F7A668}.Release|Any CPU.Build.0 = Release|iPhoneSimulator
		{200DFC10-BA6C-4CEA-9C67-B83399F7A668}.Release|Any CPU.Deploy.0 = Release|iPhoneSimulator
		{200DFC10-BA6C-4CEA-9C67-B83399F7A668}.Release|iPhone.ActiveCfg = Release|iPhone
		{200DFC10-BA6C-4CEA-9C67-B83399F7A668}.Release|iPhone.Build.0 = Release|iPhone
		{200DFC10-BA6C-4CEA-9C67-B83399F7A668}.Release|iPhone.Deploy.0 = Release|iPhone
		{200DFC10-BA6C-4CEA-9C67-B83399F7A668}.Release|iPhoneSimulator.ActiveCfg = Release|iPhoneSimulator
		{200DFC10-BA6C-4CEA-9C67-B83399F7A668}.Release|iPhoneSimulator.Build.0 = Release|iPhoneSimulator
		{200DFC10-BA6C-4CEA-9C67-B83399F7A668}.Release|iPhoneSimulator.Deploy.0 = Release|iPhoneSimulator
		{0A3421B5-21DC-49FC-A760-8AEDF281973B}.Debug|Any CPU.ActiveCfg = Debug|Any CPU
		{0A3421B5-21DC-49FC-A760-8AEDF281973B}.Debug|Any CPU.Build.0 = Debug|Any CPU
		{0A3421B5-21DC-49FC-A760-8AEDF281973B}.Debug|Any CPU.Deploy.0 = Debug|Any CPU
		{0A3421B5-21DC-49FC-A760-8AEDF281973B}.Debug|iPhone.ActiveCfg = Debug|Any CPU
		{0A3421B5-21DC-49FC-A760-8AEDF281973B}.Debug|iPhone.Build.0 = Debug|Any CPU
		{0A3421B5-21DC-49FC-A760-8AEDF281973B}.Debug|iPhone.Deploy.0 = Debug|Any CPU
		{0A3421B5-21DC-49FC-A760-8AEDF281973B}.Debug|iPhoneSimulator.ActiveCfg = Debug|Any CPU
		{0A3421B5-21DC-49FC-A760-8AEDF281973B}.Debug|iPhoneSimulator.Build.0 = Debug|Any CPU
		{0A3421B5-21DC-49FC-A760-8AEDF281973B}.Debug|iPhoneSimulator.Deploy.0 = Debug|Any CPU
		{0A3421B5-21DC-49FC-A760-8AEDF281973B}.Release|Any CPU.ActiveCfg = Release|Any CPU
		{0A3421B5-21DC-49FC-A760-8AEDF281973B}.Release|Any CPU.Build.0 = Release|Any CPU
		{0A3421B5-21DC-49FC-A760-8AEDF281973B}.Release|Any CPU.Deploy.0 = Release|Any CPU
		{0A3421B5-21DC-49FC-A760-8AEDF281973B}.Release|iPhone.ActiveCfg = Release|Any CPU
		{0A3421B5-21DC-49FC-A760-8AEDF281973B}.Release|iPhone.Build.0 = Release|Any CPU
		{0A3421B5-21DC-49FC-A760-8AEDF281973B}.Release|iPhone.Deploy.0 = Release|Any CPU
		{0A3421B5-21DC-49FC-A760-8AEDF281973B}.Release|iPhoneSimulator.ActiveCfg = Release|Any CPU
		{0A3421B5-21DC-49FC-A760-8AEDF281973B}.Release|iPhoneSimulator.Build.0 = Release|Any CPU
		{0A3421B5-21DC-49FC-A760-8AEDF281973B}.Release|iPhoneSimulator.Deploy.0 = Release|Any CPU
	EndGlobalSection
	GlobalSection(SolutionProperties) = preSolution
		HideSolutionNode = FALSE
	EndGlobalSection
	GlobalSection(ExtensibilityGlobals) = postSolution
		SolutionGuid = {4683E09F-145A-4A02-96E7-F353216FB584}
	EndGlobalSection
EndGlobal
